
Microsoft Visual Studio Solution File, Format Version 12.00
# Visual Studio 2012
Project("{F088123C-0E9E-452A-89E6-6BA2F21D5CAC}") = "YAMP", "YAMP\YAMP.modelproj", "{AB28B8C2-94BE-4DF8-8BBB-9682D3CD8B94}"
EndProject
Global
	GlobalSection(SolutionConfigurationPlatforms) = preSolution
		Debug|Any CPU = Debug|Any CPU
		Release|Any CPU = Release|Any CPU
	EndGlobalSection
	GlobalSection(ProjectConfigurationPlatforms) = postSolution
		{AB28B8C2-94BE-4DF8-8BBB-9682D3CD8B94}.Debug|Any CPU.ActiveCfg = Debug|Any CPU
		{AB28B8C2-94BE-4DF8-8BBB-9682D3CD8B94}.Debug|Any CPU.Build.0 = Debug|Any CPU
		{AB28B8C2-94BE-4DF8-8BBB-9682D3CD8B94}.Release|Any CPU.ActiveCfg = Release|Any CPU
		{AB28B8C2-94BE-4DF8-8BBB-9682D3CD8B94}.Release|Any CPU.Build.0 = Release|Any CPU
	EndGlobalSection
	GlobalSection(SolutionProperties) = preSolution
		HideSolutionNode = FALSE
	EndGlobalSection
EndGlobal
